<?xml version="1.0" encoding="utf-8"?>
<Project ToolsVersion="4.0" xmlns="http://schemas.microsoft.com/developer/msbuild/2003">
  <ItemGroup>
    <Filter Include="DX11">
      <UniqueIdentifier>{243731cd-c6a9-4481-ac8a-1e44f02d3fe9}</UniqueIdentifier>
    </Filter>
    <Filter Include="DX11\DX11 Header files">
      <UniqueIdentifier>{93277492-832f-49d1-8cae-c43c602edb28}</UniqueIdentifier>
    </Filter>
    <Filter Include="DX11\DX11 Source files">
      <UniqueIdentifier>{88fe91b7-d6f1-46d4-9bb5-67c709a163f7}</UniqueIdentifier>
    </Filter>
    <Filter Include="DX12">
      <UniqueIdentifier>{1f0f110b-cac7-45c1-8418-3cfdb5beeb48}</UniqueIdentifier>
    </Filter>
    <Filter Include="DX12\DX12 Header files">
      <UniqueIdentifier>{baa8113d-9082-4289-b5a1-6a8c71e2db28}</UniqueIdentifier>
    </Filter>
    <Filter Include="DX12\DX12 Source files">
      <UniqueIdentifier>{bbc67066-c559-4c01-a612-74299a8e3e99}</UniqueIdentifier>
    </Filter>
  </ItemGroup>
  <ItemGroup>
    <ClInclude Include="include\DirectX11.h">
      <Filter>DX11\DX11 Header files</Filter>
    </ClInclude>
    <ClInclude Include="include\DirectX12.h">
      <Filter>DX12\DX12 Header files</Filter>
    </ClInclude>
  </ItemGroup>
  <ItemGroup>
    <ClCompile Include="src\DirectX11.cpp">
      <Filter>DX11\DX11 Source files</Filter>
    </ClCompile>
    <ClCompile Include="src\DirectX12.cpp">
      <Filter>DX12\DX12 Source files</Filter>
    </ClCompile>
  </ItemGroup>
</Project>